
Microsoft Visual Studio Solution File, Format Version 12.00
# Visual Studio Version 17
VisualStudioVersion = 17.3.32901.215
MinimumVisualStudioVersion = 10.0.40219.1
Project("{FAE04EC0-301F-11D3-BF4B-00C04F79EFBC}") = "wshop4", "wshop4.csproj", "{6277AAE3-15E5-434B-B184-9F4A3BFAC032}"
EndProject
Global
	GlobalSection(SolutionConfigurationPlatforms) = preSolution
		Debug|Any CPU = Debug|Any CPU
		Release|Any CPU = Release|Any CPU
	EndGlobalSection
	GlobalSection(ProjectConfigurationPlatforms) = postSolution
		{6277AAE3-15E5-434B-B184-9F4A3BFAC032}.Debug|Any CPU.ActiveCfg = Debug|Any CPU
		{6277AAE3-15E5-434B-B184-9F4A3BFAC032}.Debug|Any CPU.Build.0 = Debug|Any CPU
		{6277AAE3-15E5-434B-B184-9F4A3BFAC032}.Release|Any CPU.ActiveCfg = Release|Any CPU
		{6277AAE3-15E5-434B-B184-9F4A3BFAC032}.Release|Any CPU.Build.0 = Release|Any CPU
	EndGlobalSection
	GlobalSection(SolutionProperties) = preSolution
		HideSolutionNode = FALSE
	EndGlobalSection
	GlobalSection(ExtensibilityGlobals) = postSolution
		SolutionGuid = {20382BD0-73E3-4308-A442-F3510B06F1A3}
	EndGlobalSection
EndGlobal
